
Microsoft Visual Studio Solution File, Format Version 12.00
# Visual Studio 15
VisualStudioVersion = 15.0.27703.2035
MinimumVisualStudioVersion = 10.0.40219.1
Project("{9A19103F-16F7-4668-BE54-9A1E7A4F7556}") = "scaling-octo-potato", "scaling-octo-potato\scaling-octo-potato.csproj", "{AE7B8E06-6873-4573-AB21-D824BDA58987}"
EndProject
Project("{2150E333-8FDC-42A3-9474-1A3956D46DE8}") = "Solution Items", "Solution Items", "{09E8C6F2-9CE1-4923-B7DB-496AB300A930}"
EndProject
Project("{FAE04EC0-301F-11D3-BF4B-00C04F79EFBC}") = "Codility", "Codility\Codility.csproj", "{AD428A72-2DA4-45A3-B367-36C63AB0F2F9}"
EndProject
Project("{FAE04EC0-301F-11D3-BF4B-00C04F79EFBC}") = "HackerRank", "HackerRank\HackerRank.csproj", "{CCDE5747-2BF5-4690-B353-BADC4863A375}"
EndProject
Project("{FAE04EC0-301F-11D3-BF4B-00C04F79EFBC}") = "MappedMemory", "MappedMemory\MappedMemory.csproj", "{09429672-06CF-4FD5-8D14-46C0462E381D}"
EndProject
Project("{FAE04EC0-301F-11D3-BF4B-00C04F79EFBC}") = "MappedMemoryConsumption", "MappedMemoryConsumption\MappedMemoryConsumption.csproj", "{2F955A44-5241-4367-9DE1-7BF437938802}"
EndProject
Global
	GlobalSection(SolutionConfigurationPlatforms) = preSolution
		Debug|Any CPU = Debug|Any CPU
		Release|Any CPU = Release|Any CPU
	EndGlobalSection
	GlobalSection(ProjectConfigurationPlatforms) = postSolution
		{AE7B8E06-6873-4573-AB21-D824BDA58987}.Debug|Any CPU.ActiveCfg = Debug|Any CPU
		{AE7B8E06-6873-4573-AB21-D824BDA58987}.Debug|Any CPU.Build.0 = Debug|Any CPU
		{AE7B8E06-6873-4573-AB21-D824BDA58987}.Release|Any CPU.ActiveCfg = Release|Any CPU
		{AE7B8E06-6873-4573-AB21-D824BDA58987}.Release|Any CPU.Build.0 = Release|Any CPU
		{AD428A72-2DA4-45A3-B367-36C63AB0F2F9}.Debug|Any CPU.ActiveCfg = Debug|Any CPU
		{AD428A72-2DA4-45A3-B367-36C63AB0F2F9}.Debug|Any CPU.Build.0 = Debug|Any CPU
		{AD428A72-2DA4-45A3-B367-36C63AB0F2F9}.Release|Any CPU.ActiveCfg = Release|Any CPU
		{AD428A72-2DA4-45A3-B367-36C63AB0F2F9}.Release|Any CPU.Build.0 = Release|Any CPU
		{CCDE5747-2BF5-4690-B353-BADC4863A375}.Debug|Any CPU.ActiveCfg = Debug|Any CPU
		{CCDE5747-2BF5-4690-B353-BADC4863A375}.Debug|Any CPU.Build.0 = Debug|Any CPU
		{CCDE5747-2BF5-4690-B353-BADC4863A375}.Release|Any CPU.ActiveCfg = Release|Any CPU
		{CCDE5747-2BF5-4690-B353-BADC4863A375}.Release|Any CPU.Build.0 = Release|Any CPU
		{09429672-06CF-4FD5-8D14-46C0462E381D}.Debug|Any CPU.ActiveCfg = Debug|Any CPU
		{09429672-06CF-4FD5-8D14-46C0462E381D}.Debug|Any CPU.Build.0 = Debug|Any CPU
		{09429672-06CF-4FD5-8D14-46C0462E381D}.Release|Any CPU.ActiveCfg = Release|Any CPU
		{09429672-06CF-4FD5-8D14-46C0462E381D}.Release|Any CPU.Build.0 = Release|Any CPU
		{2F955A44-5241-4367-9DE1-7BF437938802}.Debug|Any CPU.ActiveCfg = Debug|Any CPU
		{2F955A44-5241-4367-9DE1-7BF437938802}.Debug|Any CPU.Build.0 = Debug|Any CPU
		{2F955A44-5241-4367-9DE1-7BF437938802}.Release|Any CPU.ActiveCfg = Release|Any CPU
		{2F955A44-5241-4367-9DE1-7BF437938802}.Release|Any CPU.Build.0 = Release|Any CPU
	EndGlobalSection
	GlobalSection(SolutionProperties) = preSolution
		HideSolutionNode = FALSE
	EndGlobalSection
	GlobalSection(ExtensibilityGlobals) = postSolution
		SolutionGuid = {A148CD3A-0C80-4F7D-9620-16FD7A00BCB2}
	EndGlobalSection
EndGlobal
